
Microsoft Visual Studio Solution File, Format Version 12.00
# Visual Studio Version 17
VisualStudioVersion = 17.0.31903.59
MinimumVisualStudioVersion = 10.0.40219.1
Project("{9A19103F-16F7-4668-BE54-9A1E7A4F7556}") = "ActorMicroservice.ApiGateway", "ActorMicroservice.ApiGateway\ActorMicroservice.ApiGateway.csproj", "{6FE4F683-B45A-4397-9F4B-BE1A709F64AA}"
EndProject
Project("{9A19103F-16F7-4668-BE54-9A1E7A4F7556}") = "ActorMicroservice.Common", "ActorMicroservice.Contract\ActorMicroservice.Common.csproj", "{BDFC0175-7FB2-44AE-8648-0645064B5D08}"
EndProject
Project("{9A19103F-16F7-4668-BE54-9A1E7A4F7556}") = "ActorMicroservice.CustomersService", "ActorMicroservice.CustomersService\ActorMicroservice.CustomersService.csproj", "{9A4EC1F7-7176-4907-84F4-97A6CB345C9B}"
EndProject
Project("{9A19103F-16F7-4668-BE54-9A1E7A4F7556}") = "ActorMicroservice.OrdersService", "ActorMicroservice.OrdersService\ActorMicroservice.OrdersService.csproj", "{99B5D187-6793-4714-B6BC-E65CCE39EC1B}"
EndProject
Global
	GlobalSection(SolutionConfigurationPlatforms) = preSolution
		Debug|Any CPU = Debug|Any CPU
		Release|Any CPU = Release|Any CPU
	EndGlobalSection
	GlobalSection(ProjectConfigurationPlatforms) = postSolution
		{6FE4F683-B45A-4397-9F4B-BE1A709F64AA}.Debug|Any CPU.ActiveCfg = Debug|Any CPU
		{6FE4F683-B45A-4397-9F4B-BE1A709F64AA}.Debug|Any CPU.Build.0 = Debug|Any CPU
		{6FE4F683-B45A-4397-9F4B-BE1A709F64AA}.Release|Any CPU.ActiveCfg = Release|Any CPU
		{6FE4F683-B45A-4397-9F4B-BE1A709F64AA}.Release|Any CPU.Build.0 = Release|Any CPU
		{BDFC0175-7FB2-44AE-8648-0645064B5D08}.Debug|Any CPU.ActiveCfg = Debug|Any CPU
		{BDFC0175-7FB2-44AE-8648-0645064B5D08}.Debug|Any CPU.Build.0 = Debug|Any CPU
		{BDFC0175-7FB2-44AE-8648-0645064B5D08}.Release|Any CPU.ActiveCfg = Release|Any CPU
		{BDFC0175-7FB2-44AE-8648-0645064B5D08}.Release|Any CPU.Build.0 = Release|Any CPU
		{9A4EC1F7-7176-4907-84F4-97A6CB345C9B}.Debug|Any CPU.ActiveCfg = Debug|Any CPU
		{9A4EC1F7-7176-4907-84F4-97A6CB345C9B}.Debug|Any CPU.Build.0 = Debug|Any CPU
		{9A4EC1F7-7176-4907-84F4-97A6CB345C9B}.Release|Any CPU.ActiveCfg = Release|Any CPU
		{9A4EC1F7-7176-4907-84F4-97A6CB345C9B}.Release|Any CPU.Build.0 = Release|Any CPU
		{99B5D187-6793-4714-B6BC-E65CCE39EC1B}.Debug|Any CPU.ActiveCfg = Debug|Any CPU
		{99B5D187-6793-4714-B6BC-E65CCE39EC1B}.Debug|Any CPU.Build.0 = Debug|Any CPU
		{99B5D187-6793-4714-B6BC-E65CCE39EC1B}.Release|Any CPU.ActiveCfg = Release|Any CPU
		{99B5D187-6793-4714-B6BC-E65CCE39EC1B}.Release|Any CPU.Build.0 = Release|Any CPU
	EndGlobalSection
	GlobalSection(SolutionProperties) = preSolution
		HideSolutionNode = FALSE
	EndGlobalSection
	GlobalSection(ExtensibilityGlobals) = postSolution
		SolutionGuid = {9C168C65-77C7-4D36-B68F-C3FEB7DA061E}
	EndGlobalSection
EndGlobal
