
Microsoft Visual Studio Solution File, Format Version 12.00
# Visual Studio Version 17
VisualStudioVersion = 17.5.001.0
MinimumVisualStudioVersion = 10.0.40219.1
Project("{9A19103F-16F7-4668-BE54-9A1E7A4F7556}") = "ActorMicroservice.Contract", "ActorMicroservice.Contract.csproj", "{B22A7640-ED27-4C59-BBE6-297E17422940}"
EndProject
Global
	GlobalSection(SolutionConfigurationPlatforms) = preSolution
		Debug|Any CPU = Debug|Any CPU
		Release|Any CPU = Release|Any CPU
	EndGlobalSection
	GlobalSection(ProjectConfigurationPlatforms) = postSolution
		{B22A7640-ED27-4C59-BBE6-297E17422940}.Debug|Any CPU.ActiveCfg = Debug|Any CPU
		{B22A7640-ED27-4C59-BBE6-297E17422940}.Debug|Any CPU.Build.0 = Debug|Any CPU
		{B22A7640-ED27-4C59-BBE6-297E17422940}.Release|Any CPU.ActiveCfg = Release|Any CPU
		{B22A7640-ED27-4C59-BBE6-297E17422940}.Release|Any CPU.Build.0 = Release|Any CPU
	EndGlobalSection
	GlobalSection(SolutionProperties) = preSolution
		HideSolutionNode = FALSE
	EndGlobalSection
	GlobalSection(ExtensibilityGlobals) = postSolution
		SolutionGuid = {43B63E81-5506-4436-9B28-46751AD7DF34}
	EndGlobalSection
EndGlobal
